# Managed by azldev component update. Do not edit manually.
version = 1
import-commit = '646a3af1cf376eeb89ff3251839b4ed99491b522'
upstream-commit = '646a3af1cf376eeb89ff3251839b4ed99491b522'
input-fingerprint = 'sha256:b70d0552d72af3049d8994bbea19166e49a0e9f1057a49651e79dcea73edb736'
resolution-input-hash = 'sha256:466421704711c4fd3c71f0b2ed715a0e61d49e3e26f3a2637fee755795849c8e'
