# Managed by azldev component update. Do not edit manually.
version = 1
import-commit = '77b7c5b27b3e56b5797a9e74ba4a5a285f8fdae8'
upstream-commit = '77b7c5b27b3e56b5797a9e74ba4a5a285f8fdae8'
manual-bump = 2
input-fingerprint = 'sha256:509dea5ed0c36b380be69322a6c92bfd54dfa098425adb1a1ac39427cdc9b5fc'
resolution-input-hash = 'sha256:466421704711c4fd3c71f0b2ed715a0e61d49e3e26f3a2637fee755795849c8e'
