# Managed by azldev component update. Do not edit manually.
version = 1
import-commit = 'f2cb21ff470d94a6dfd2a2e6ef9effeaa3aead1f'
upstream-commit = 'f2cb21ff470d94a6dfd2a2e6ef9effeaa3aead1f'
manual-bump = 2
input-fingerprint = 'sha256:168dad8c922275e77952ba208114d0f3b765623166998ba8c1e299bc9e99b787'
resolution-input-hash = 'sha256:466421704711c4fd3c71f0b2ed715a0e61d49e3e26f3a2637fee755795849c8e'
