# Managed by azldev component update. Do not edit manually.
version = 1
import-commit = '46c3a4b7d0e425369393a300863a8734c54db646'
upstream-commit = '46c3a4b7d0e425369393a300863a8734c54db646'
input-fingerprint = 'sha256:10f1f597b40dfe464e71112712f5cd289b85067e32353eeef227305da4e22df3'
resolution-input-hash = 'sha256:466421704711c4fd3c71f0b2ed715a0e61d49e3e26f3a2637fee755795849c8e'
